dependencies:
  espressif/esp_h264:
    component_hash: 408a8934522d77d878e0525107aa485692ac504573da7c05dd200857cb071daa
    dependencies:
    - name: idf
      require: private
      version: '>=4.4'
    source:
      registry_url: https://components.espressif.com/
      type: service
    targets:
    - esp32s3
    - esp32s31
    - esp32p4
    version: 1.3.7
  espressif/esp_tinyusb:
    component_hash: 9a73a76a6bc17907f6e523342ff6b1e440023e8aac2c11f4691212106ec24e66
    dependencies:
    - name: idf
      require: private
      version: '>=5.0'
    - name: espressif/tinyusb
      registry_url: https://components.espressif.com
      require: public
      version: '>=0.17.0~2'
    source:
      registry_url: https://components.espressif.com/
      type: service
    targets:
    - esp32s2
    - esp32s3
    - esp32p4
    - esp32h4
    - esp32s31
    version: 2.2.1
  espressif/mdns:
    component_hash: e81ca7a7f53ea34e78274df054da692c272e1315572876b237b1748e267c013b
    dependencies:
    - name: idf
      require: private
      version: '>=5.0'
    source:
      registry_url: https://components.espressif.com/
      type: service
    version: 1.11.3
  espressif/tinyusb:
    component_hash: a40b7f67df6ac254a4afd96c6401cc56f2059ae747d6d7e66b568bca53ad0edc
    dependencies:
    - name: idf
      require: private
      version: '>=5.0'
    source:
      registry_url: https://components.espressif.com/
      type: service
    targets:
    - esp32s2
    - esp32s3
    - esp32p4
    - esp32h4
    - esp32s31
    version: 0.19.0~3
  espressif/usb_host_uvc:
    component_hash: 3dde9c89980212de1e394a29d3fe782a2988a08fd2a16af34eee6f642aab6ebe
    dependencies:
    - name: idf
      require: private
      version: '>=5.0'
    - name: espressif/usb
      registry_url: https://components.espressif.com
      require: public
      rules:
      - if: idf_version >=6.0
      - if: target not in ["linux"]
      version: ^1.0.0
    source:
      registry_url: https://components.espressif.com/
      type: service
    targets:
    - esp32s2
    - esp32s3
    - esp32p4
    - esp32h4
    - esp32s31
    - linux
    version: 2.5.1
  idf:
    source:
      type: idf
    version: 5.5.5
  skuodi/libssh2_esp:
    component_hash: a65c753c7388cf47299765dc8c8a22dccdc53d1e72a2fb0cf361c1f800067a63
    dependencies: []
    source:
      registry_url: https://components.espressif.com/
      type: service
    version: 1.0.0
direct_dependencies:
- espressif/esp_h264
- espressif/esp_tinyusb
- espressif/mdns
- espressif/tinyusb
- espressif/usb_host_uvc
- idf
- skuodi/libssh2_esp
manifest_hash: a3205b9002aaa180b6d3111c10e5cf7f42cf42c721a13fc2bb30b48368da91cd
target: esp32p4
version: 2.0.0
