dependencies:
  espressif/esp_tinyusb:
    component_hash: 9a73a76a6bc17907f6e523342ff6b1e440023e8aac2c11f4691212106ec24e66
    dependencies:
    - name: idf
      require: private
      version: '>=5.0'
    - name: espressif/tinyusb
      registry_url: https://components.espressif.com
      require: public
      version: '>=0.17.0~2'
    source:
      registry_url: https://components.espressif.com/
      type: service
    targets:
    - esp32s2
    - esp32p4
    - esp32h4
    version: 2.2.1
  espressif/tinyusb:
    component_hash: a40b7f67df6ac254a4afd96c6401cc56f2059ae747d6d7e66b568bca53ad0edc
    dependencies:
    - name: idf
      require: private
      version: '>=5.0'
    source:
      registry_url: https://components.espressif.com
      type: service
    targets:
    - esp32s2
    - esp32p4
    - esp32h4
    version: 0.19.0~3
  espressif/usb_host_uvc:
    component_hash: 3dde9c89980212de1e394a29d3fe782a2988a08fd2a16af34eee6f642aab6ebe
    dependencies:
    - name: idf
      require: private
      version: '>=5.0'
    - name: espressif/usb
      registry_url: https://components.espressif.com
      require: public
      rules:
      - if: idf_version >=6.0
      - if: target not in ["linux"]
      version: ^1.0.0
    source:
      registry_url: https://components.espressif.com/
      type: service
    targets:
    - esp32s2
    - esp32p4
    - esp32h4
    - linux
    version: 2.5.1
  idf:
    source:
      type: idf
    version: 5.4.4
direct_dependencies:
- espressif/esp_tinyusb
- espressif/usb_host_uvc
- idf
manifest_hash: a5efe681388ae4d7cd4b4150b9b76ff89899efeff483c6d7f4e32bf9b9ec96df
target: esp32p4
version: 2.0.0
